
Microsoft Visual Studio Solution File, Format Version 12.00
Project("{FAE04EC0-301F-11D3-BF4B-00C04F79EFBC}") = "Mission3Assignment", "Mission3Assignment.csproj", "{D3F5C03C-6687-4BF6-89D9-C277A46BF064}"
EndProject
Global
	GlobalSection(SolutionConfigurationPlatforms) = preSolution
		Debug|Any CPU = Debug|Any CPU
		Release|Any CPU = Release|Any CPU
	EndGlobalSection
	GlobalSection(ProjectConfigurationPlatforms) = postSolution
		{D3F5C03C-6687-4BF6-89D9-C277A46BF064}.Debug|Any CPU.ActiveCfg = Debug|Any CPU
		{D3F5C03C-6687-4BF6-89D9-C277A46BF064}.Debug|Any CPU.Build.0 = Debug|Any CPU
		{D3F5C03C-6687-4BF6-89D9-C277A46BF064}.Release|Any CPU.ActiveCfg = Release|Any CPU
		{D3F5C03C-6687-4BF6-89D9-C277A46BF064}.Release|Any CPU.Build.0 = Release|Any CPU
	EndGlobalSection
EndGlobal
